
Microsoft Visual Studio Solution File, Format Version 12.00
# Visual Studio Version 17
VisualStudioVersion = 17.4.33110.190
MinimumVisualStudioVersion = 10.0.40219.1
Project("{9A19103F-16F7-4668-BE54-9A1E7A4F7556}") = "M01_HalloWPF", "HalloWPF\M01_HalloWPF.csproj", "{CFA10037-0FF9-47D6-96A5-20731C50640C}"
EndProject
Project("{9A19103F-16F7-4668-BE54-9A1E7A4F7556}") = "M02_Controls", "Controls\M02_Controls.csproj", "{4442BD39-FA31-4509-A35F-059388531050}"
EndProject
Project("{9A19103F-16F7-4668-BE54-9A1E7A4F7556}") = "Personendatenbank", "Personendatenbank\Personendatenbank.csproj", "{58020AFA-9688-40E1-BA21-46D2CE24963E}"
EndProject
Project("{9A19103F-16F7-4668-BE54-9A1E7A4F7556}") = "M03_Container", "Container\M03_Container.csproj", "{4D9AED64-EA05-4165-A563-854B76AB091E}"
EndProject
Project("{9A19103F-16F7-4668-BE54-9A1E7A4F7556}") = "M04_EventRouting", "EventRouting\M04_EventRouting.csproj", "{71D18A9D-E61F-42AA-8359-BEDDC8A0E510}"
EndProject
Project("{FAE04EC0-301F-11D3-BF4B-00C04F79EFBC}") = "M05_PropertyBinding", "PropertyBinding\M05_PropertyBinding.csproj", "{36F2B0E3-B3A4-4AEA-8BA7-4A7249A7F1CC}"
EndProject
Project("{FAE04EC0-301F-11D3-BF4B-00C04F79EFBC}") = "ColorPicker", "ColorPicker\ColorPicker.csproj", "{0AB4083E-1175-45A3-A654-CB84BBD0C7C5}"
EndProject
Project("{FAE04EC0-301F-11D3-BF4B-00C04F79EFBC}") = "DataBinding", "DataBinding\DataBinding.csproj", "{E287332A-4E1D-44E2-B7E3-24A828297BCD}"
EndProject
Global
	GlobalSection(SolutionConfigurationPlatforms) = preSolution
		Debug|Any CPU = Debug|Any CPU
		Release|Any CPU = Release|Any CPU
	EndGlobalSection
	GlobalSection(ProjectConfigurationPlatforms) = postSolution
		{CFA10037-0FF9-47D6-96A5-20731C50640C}.Debug|Any CPU.ActiveCfg = Debug|Any CPU
		{CFA10037-0FF9-47D6-96A5-20731C50640C}.Debug|Any CPU.Build.0 = Debug|Any CPU
		{CFA10037-0FF9-47D6-96A5-20731C50640C}.Release|Any CPU.ActiveCfg = Release|Any CPU
		{CFA10037-0FF9-47D6-96A5-20731C50640C}.Release|Any CPU.Build.0 = Release|Any CPU
		{4442BD39-FA31-4509-A35F-059388531050}.Debug|Any CPU.ActiveCfg = Debug|Any CPU
		{4442BD39-FA31-4509-A35F-059388531050}.Debug|Any CPU.Build.0 = Debug|Any CPU
		{4442BD39-FA31-4509-A35F-059388531050}.Release|Any CPU.ActiveCfg = Release|Any CPU
		{4442BD39-FA31-4509-A35F-059388531050}.Release|Any CPU.Build.0 = Release|Any CPU
		{58020AFA-9688-40E1-BA21-46D2CE24963E}.Debug|Any CPU.ActiveCfg = Debug|Any CPU
		{58020AFA-9688-40E1-BA21-46D2CE24963E}.Debug|Any CPU.Build.0 = Debug|Any CPU
		{58020AFA-9688-40E1-BA21-46D2CE24963E}.Release|Any CPU.ActiveCfg = Release|Any CPU
		{58020AFA-9688-40E1-BA21-46D2CE24963E}.Release|Any CPU.Build.0 = Release|Any CPU
		{4D9AED64-EA05-4165-A563-854B76AB091E}.Debug|Any CPU.ActiveCfg = Debug|Any CPU
		{4D9AED64-EA05-4165-A563-854B76AB091E}.Debug|Any CPU.Build.0 = Debug|Any CPU
		{4D9AED64-EA05-4165-A563-854B76AB091E}.Release|Any CPU.ActiveCfg = Release|Any CPU
		{4D9AED64-EA05-4165-A563-854B76AB091E}.Release|Any CPU.Build.0 = Release|Any CPU
		{71D18A9D-E61F-42AA-8359-BEDDC8A0E510}.Debug|Any CPU.ActiveCfg = Debug|Any CPU
		{71D18A9D-E61F-42AA-8359-BEDDC8A0E510}.Debug|Any CPU.Build.0 = Debug|Any CPU
		{71D18A9D-E61F-42AA-8359-BEDDC8A0E510}.Release|Any CPU.ActiveCfg = Release|Any CPU
		{71D18A9D-E61F-42AA-8359-BEDDC8A0E510}.Release|Any CPU.Build.0 = Release|Any CPU
		{36F2B0E3-B3A4-4AEA-8BA7-4A7249A7F1CC}.Debug|Any CPU.ActiveCfg = Debug|Any CPU
		{36F2B0E3-B3A4-4AEA-8BA7-4A7249A7F1CC}.Debug|Any CPU.Build.0 = Debug|Any CPU
		{36F2B0E3-B3A4-4AEA-8BA7-4A7249A7F1CC}.Release|Any CPU.ActiveCfg = Release|Any CPU
		{36F2B0E3-B3A4-4AEA-8BA7-4A7249A7F1CC}.Release|Any CPU.Build.0 = Release|Any CPU
		{0AB4083E-1175-45A3-A654-CB84BBD0C7C5}.Debug|Any CPU.ActiveCfg = Debug|Any CPU
		{0AB4083E-1175-45A3-A654-CB84BBD0C7C5}.Debug|Any CPU.Build.0 = Debug|Any CPU
		{0AB4083E-1175-45A3-A654-CB84BBD0C7C5}.Release|Any CPU.ActiveCfg = Release|Any CPU
		{0AB4083E-1175-45A3-A654-CB84BBD0C7C5}.Release|Any CPU.Build.0 = Release|Any CPU
		{E287332A-4E1D-44E2-B7E3-24A828297BCD}.Debug|Any CPU.ActiveCfg = Debug|Any CPU
		{E287332A-4E1D-44E2-B7E3-24A828297BCD}.Debug|Any CPU.Build.0 = Debug|Any CPU
		{E287332A-4E1D-44E2-B7E3-24A828297BCD}.Release|Any CPU.ActiveCfg = Release|Any CPU
		{E287332A-4E1D-44E2-B7E3-24A828297BCD}.Release|Any CPU.Build.0 = Release|Any CPU
	EndGlobalSection
	GlobalSection(SolutionProperties) = preSolution
		HideSolutionNode = FALSE
	EndGlobalSection
	GlobalSection(ExtensibilityGlobals) = postSolution
		SolutionGuid = {8FDE5D15-3942-4548-9A34-F12A724BBBCE}
	EndGlobalSection
EndGlobal
