
Microsoft Visual Studio Solution File, Format Version 12.00
# Visual Studio Version 17
VisualStudioVersion = 17.4.33110.190
MinimumVisualStudioVersion = 10.0.40219.1
Project("{FAE04EC0-301F-11D3-BF4B-00C04F79EFBC}") = "HalloWPF", "HalloWPF\HalloWPF.csproj", "{CFA10037-0FF9-47D6-96A5-20731C50640C}"
EndProject
Project("{FAE04EC0-301F-11D3-BF4B-00C04F79EFBC}") = "Controls", "Controls\Controls.csproj", "{4442BD39-FA31-4509-A35F-059388531050}"
EndProject
Global
	GlobalSection(SolutionConfigurationPlatforms) = preSolution
		Debug|Any CPU = Debug|Any CPU
		Release|Any CPU = Release|Any CPU
	EndGlobalSection
	GlobalSection(ProjectConfigurationPlatforms) = postSolution
		{CFA10037-0FF9-47D6-96A5-20731C50640C}.Debug|Any CPU.ActiveCfg = Debug|Any CPU
		{CFA10037-0FF9-47D6-96A5-20731C50640C}.Debug|Any CPU.Build.0 = Debug|Any CPU
		{CFA10037-0FF9-47D6-96A5-20731C50640C}.Release|Any CPU.ActiveCfg = Release|Any CPU
		{CFA10037-0FF9-47D6-96A5-20731C50640C}.Release|Any CPU.Build.0 = Release|Any CPU
		{4442BD39-FA31-4509-A35F-059388531050}.Debug|Any CPU.ActiveCfg = Debug|Any CPU
		{4442BD39-FA31-4509-A35F-059388531050}.Debug|Any CPU.Build.0 = Debug|Any CPU
		{4442BD39-FA31-4509-A35F-059388531050}.Release|Any CPU.ActiveCfg = Release|Any CPU
		{4442BD39-FA31-4509-A35F-059388531050}.Release|Any CPU.Build.0 = Release|Any CPU
	EndGlobalSection
	GlobalSection(SolutionProperties) = preSolution
		HideSolutionNode = FALSE
	EndGlobalSection
	GlobalSection(ExtensibilityGlobals) = postSolution
		SolutionGuid = {8FDE5D15-3942-4548-9A34-F12A724BBBCE}
	EndGlobalSection
EndGlobal
